{
    "name": "@latestrev/node-client",
    "version": "2.0.1",
    "lockfileVersion": 2,
    "requires": true,
    "packages": {
        "": {
            "name": "@latestrev/node-client",
            "version": "2.0.1",
            "license": "MIT",
            "dependencies": {
                "@thinkpixellab-public/px-long-operations": "^2.0.1",
                "undici": "^8.0.2"
            }
        },
        "node_modules/@thinkpixellab-public/px-long-operations": {
            "version": "2.0.1",
            "resolved": "https://registry.npmjs.org/@thinkpixellab-public/px-long-operations/-/px-long-operations-2.0.1.tgz",
            "integrity": "sha512-4biUON7RJm3+i1bw1YgzSQOdXxvIVHhm5UrlTyR3A+oxZSLDX0vuA2CuAFWOvjw1h0nCgC1uXs94RPfCGQ71GA=="
        },
        "node_modules/undici": {
            "version": "8.0.2",
            "resolved": "https://registry.npmjs.org/undici/-/undici-8.0.2.tgz",
            "integrity": "sha512-B9MeU5wuFhkFAuNeA19K2GDFcQXZxq33fL0nRy2Aq30wdufZbyyvxW3/ChaeipXVfy/wUweZyzovQGk39+9k2w==",
            "license": "MIT",
            "engines": {
                "node": ">=22.19.0"
            }
        }
    },
    "dependencies": {
        "@thinkpixellab-public/px-long-operations": {
            "version": "2.0.1",
            "resolved": "https://registry.npmjs.org/@thinkpixellab-public/px-long-operations/-/px-long-operations-2.0.1.tgz",
            "integrity": "sha512-4biUON7RJm3+i1bw1YgzSQOdXxvIVHhm5UrlTyR3A+oxZSLDX0vuA2CuAFWOvjw1h0nCgC1uXs94RPfCGQ71GA=="
        },
        "undici": {
            "version": "8.0.2",
            "resolved": "https://registry.npmjs.org/undici/-/undici-8.0.2.tgz",
            "integrity": "sha512-B9MeU5wuFhkFAuNeA19K2GDFcQXZxq33fL0nRy2Aq30wdufZbyyvxW3/ChaeipXVfy/wUweZyzovQGk39+9k2w=="
        }
    }
}
